{
  "name": "myblog",
  "version": "0.0.0",
  "lockfileVersion": 1,
  "requires": true,
  "dependencies": {
    "@types/redux-actions": {
      "version": "2.6.1",
      "resolved": "https://registry.npmjs.org/@types/redux-actions/-/redux-actions-2.6.1.tgz",
      "integrity": "sha512-zKgK+ATp3sswXs6sOYo1tk8xdXTy4CTaeeYrVQlClCjeOpag5vzPo0ASWiiBJ7vsiQRAdb3VkuFLnDoBimF67g=="
    }
  }
}
